
Microsoft Visual Studio Solution File, Format Version 12.00
# Visual Studio Version 17
VisualStudioVersion = 17.8.34511.84
MinimumVisualStudioVersion = 10.0.40219.1
Project("{9A19103F-16F7-4668-BE54-9A1E7A4F7556}") = "OmniTalks", "OmniTalks.csproj", "{E6C05DCD-D450-4F41-809F-E2ADF34EB928}"
EndProject
Project("{FAE04EC0-301F-11D3-BF4B-00C04F79EFBC}") = "OmniTalks.Test", "..\OmniTalks.Test\OmniTalks.Test.csproj", "{FC85F676-85CD-483E-A4EB-679ED36C51DE}"
EndProject
Global
	GlobalSection(SolutionConfigurationPlatforms) = preSolution
		Debug|Any CPU = Debug|Any CPU
		Release|Any CPU = Release|Any CPU
	EndGlobalSection
	GlobalSection(ProjectConfigurationPlatforms) = postSolution
		{E6C05DCD-D450-4F41-809F-E2ADF34EB928}.Debug|Any CPU.ActiveCfg = Debug|Any CPU
		{E6C05DCD-D450-4F41-809F-E2ADF34EB928}.Debug|Any CPU.Build.0 = Debug|Any CPU
		{E6C05DCD-D450-4F41-809F-E2ADF34EB928}.Release|Any CPU.ActiveCfg = Release|Any CPU
		{E6C05DCD-D450-4F41-809F-E2ADF34EB928}.Release|Any CPU.Build.0 = Release|Any CPU
		{FC85F676-85CD-483E-A4EB-679ED36C51DE}.Debug|Any CPU.ActiveCfg = Debug|Any CPU
		{FC85F676-85CD-483E-A4EB-679ED36C51DE}.Debug|Any CPU.Build.0 = Debug|Any CPU
		{FC85F676-85CD-483E-A4EB-679ED36C51DE}.Release|Any CPU.ActiveCfg = Release|Any CPU
		{FC85F676-85CD-483E-A4EB-679ED36C51DE}.Release|Any CPU.Build.0 = Release|Any CPU
	EndGlobalSection
	GlobalSection(SolutionProperties) = preSolution
		HideSolutionNode = FALSE
	EndGlobalSection
	GlobalSection(ExtensibilityGlobals) = postSolution
		SolutionGuid = {D9989E85-7030-4B58-B7C3-D2FBE5D27990}
	EndGlobalSection
EndGlobal
